// !$*UTF8*$!
{
	archiveVersion = 1;
	classes = {
	};
	objectVersion = 50;
	objects = {

/* Begin PBXBuildFile section */
		5B7B9564238C97E40067F4E1 /* AppDelegate.swift in Sources */ = {isa = PBXBuildFile; fileRef = 5B7B9563238C97E40067F4E1 /* AppDelegate.swift */; };
		5B7B9566238C97E40067F4E1 /* SceneDelegate.swift in Sources */ = {isa = PBXBuildFile; fileRef = 5B7B9565238C97E40067F4E1 /* SceneDelegate.swift */; };
		5B7B9568238C97E40067F4E1 /* ContentView.swift in Sources */ = {isa = PBXBuildFile; fileRef = 5B7B9567238C97E40067F4E1 /* ContentView.swift */; };
		5B7B956A238C97E80067F4E1 /* Assets.xcassets in Resources */ = {isa = PBXBuildFile; fileRef = 5B7B9569238C97E80067F4E1 /* Assets.xcassets */; };
		5B7B956D238C97E90067F4E1 /* Preview Assets.xcassets in Resources */ = {isa = PBXBuildFile; fileRef = 5B7B956C238C97E90067F4E1 /* Preview Assets.xcassets */; };
		5B7B9570238C97E90067F4E1 /* LaunchScreen.storyboard in Resources */ = {isa = PBXBuildFile; fileRef = 5B7B956E238C97E90067F4E1 /* LaunchScreen.storyboard */; };
		5B7B957B238C97E90067F4E1 /* CameraTests.swift in Sources */ = {isa = PBXBuildFile; fileRef = 5B7B957A238C97E90067F4E1 /* CameraTests.swift */; };
		5B7B9586238C97E90067F4E1 /* CameraUITests.swift in Sources */ = {isa = PBXBuildFile; fileRef = 5B7B9585238C97E90067F4E1 /* CameraUITests.swift */; };
/* End PBXBuildFile section */

/* Begin PBXContainerItemProxy section */
		5B7B9577238C97E90067F4E1 /* PBXContainerItemProxy */ = {
			isa = PBXContainerItemProxy;
			containerPortal = 5B7B9558238C97E40067F4E1 /* Project object */;
			proxyType = 1;
			remoteGlobalIDString = 5B7B955F238C97E40067F4E1;
			remoteInfo = Camera;
		};
		5B7B9582238C97E90067F4E1 /* PBXContainerItemProxy */ = {
			isa = PBXContainerItemProxy;
			containerPortal = 5B7B9558238C97E40067F4E1 /* Project object */;
			proxyType = 1;
			remoteGlobalIDString = 5B7B955F238C97E40067F4E1;
			remoteInfo = Camera;
		};
/* End PBXContainerItemProxy section */

/* Begin PBXFileReference section */
		5B7B9560238C97E40067F4E1 /* Camera.app */ = {isa = PBXFileReference; explicitFileType = wrapper.application; includeInIndex = 0; path = Camera.app; sourceTree = BUILT_PRODUCTS_DIR; };
		5B7B9563238C97E40067F4E1 /* AppDelegate.swift */ = {isa = PBXFileReference; lastKnownFileType = sourcecode.swift; path = AppDelegate.swift; sourceTree = "<group>"; };
		5B7B9565238C97E40067F4E1 /* SceneDelegate.swift */ = {isa = PBXFileReference; lastKnownFileType = sourcecode.swift; path = SceneDelegate.swift; sourceTree = "<group>"; };
		5B7B9567238C97E40067F4E1 /* ContentView.swift */ = {isa = PBXFileReference; lastKnownFileType = sourcecode.swift; path = ContentView.swift; sourceTree = "<group>"; };
		5B7B9569238C97E80067F4E1 /* Assets.xcassets */ = {isa = PBXFileReference; lastKnownFileType = folder.assetcatalog; path = Assets.xcassets; sourceTree = "<group>"; };
		5B7B956C238C97E90067F4E1 /* Preview Assets.xcassets */ = {isa = PBXFileReference; lastKnownFileType = folder.assetcatalog; path = "Preview Assets.xcassets"; sourceTree = "<group>"; };
		5B7B956F238C97E90067F4E1 /* Base */ = {isa = PBXFileReference; lastKnownFileType = file.storyboard; name = Base; path = Base.lproj/LaunchScreen.storyboard; sourceTree = "<group>"; };
		5B7B9571238C97E90067F4E1 /* Info.plist */ = {isa = PBXFileReference; lastKnownFileType = text.plist.xml; path = Info.plist; sourceTree = "<group>"; };
		5B7B9576238C97E90067F4E1 /* CameraTests.xctest */ = {isa = PBXFileReference; explicitFileType = wrapper.cfbundle; includeInIndex = 0; path = CameraTests.xctest; sourceTree = BUILT_PRODUCTS_DIR; };
		5B7B957A238C97E90067F4E1 /* CameraTests.swift */ = {isa = PBXFileReference; lastKnownFileType = sourcecode.swift; path = CameraTests.swift; sourceTree = "<group>"; };
		5B7B957C238C97E90067F4E1 /* Info.plist */ = {isa = PBXFileReference; lastKnownFileType = text.plist.xml; path = Info.plist; sourceTree = "<group>"; };
		5B7B9581238C97E90067F4E1 /* CameraUITests.xctest */ = {isa = PBXFileReference; explicitFileType = wrapper.cfbundle; includeInIndex = 0; path = CameraUITests.xctest; sourceTree = BUILT_PRODUCTS_DIR; };
		5B7B9585238C97E90067F4E1 /* CameraUITests.swift */ = {isa = PBXFileReference; lastKnownFileType = sourcecode.swift; path = CameraUITests.swift; sourceTree = "<group>"; };
		5B7B9587238C97E90067F4E1 /* Info.plist */ = {isa = PBXFileReference; lastKnownFileType = text.plist.xml; path = Info.plist; sourceTree = "<group>"; };
/* End PBXFileReference section */

/* Begin PBXFrameworksBuildPhase section */
		5B7B955D238C97E40067F4E1 /* Frameworks */ = {
			isa = PBXFrameworksBuildPhase;
			buildActionMask = 2147483647;
			files = (
			);
			runOnlyForDeploymentPostprocessing = 0;
		};
		5B7B9573238C97E90067F4E1 /* Frameworks */ = {
			isa = PBXFrameworksBuildPhase;
			buildActionMask = 2147483647;
			files = (
			);
			runOnlyForDeploymentPostprocessing = 0;
		};
		5B7B957E238C97E90067F4E1 /* Frameworks */ = {
			isa = PBXFrameworksBuildPhase;
			buildActionMask = 2147483647;
			files = (
			);
			runOnlyForDeploymentPostprocessing = 0;
		};
/* End PBXFrameworksBuildPhase section */

/* Begin PBXGroup section */
		5B7B9557238C97E40067F4E1 = {
			isa = PBXGroup;
			children = (
				5B7B9562238C97E40067F4E1 /* Camera */,
				5B7B9579238C97E90067F4E1 /* CameraTests */,
				5B7B9584238C97E90067F4E1 /* CameraUITests */,
				5B7B9561238C97E40067F4E1 /* Products */,
			);
			sourceTree = "<group>";
		};
		5B7B9561238C97E40067F4E1 /* Products */ = {
			isa = PBXGroup;
			children = (
				5B7B9560238C97E40067F4E1 /* Camera.app */,
				5B7B9576238C97E90067F4E1 /* CameraTests.xctest */,
				5B7B9581238C97E90067F4E1 /* CameraUITests.xctest */,
			);
			name = Products;
			sourceTree = "<group>";
		};
		5B7B9562238C97E40067F4E1 /* Camera */ = {
			isa = PBXGroup;
			children = (
				5B7B9563238C97E40067F4E1 /* AppDelegate.swift */,
				5B7B9565238C97E40067F4E1 /* SceneDelegate.swift */,
				5B7B9567238C97E40067F4E1 /* ContentView.swift */,
				5B7B9569238C97E80067F4E1 /* Assets.xcassets */,
				5B7B956E238C97E90067F4E1 /* LaunchScreen.storyboard */,
				5B7B9571238C97E90067F4E1 /* Info.plist */,
				5B7B956B238C97E90067F4E1 /* Preview Content */,
			);
			path = Camera;
			sourceTree = "<group>";
		};
		5B7B956B238C97E90067F4E1 /* Preview Content */ = {
			isa = PBXGroup;
			children = (
				5B7B956C238C97E90067F4E1 /* Preview Assets.xcassets */,
			);
			path = "Preview Content";
			sourceTree = "<group>";
		};
		5B7B9579238C97E90067F4E1 /* CameraTests */ = {
			isa = PBXGroup;
			children = (
				5B7B957A238C97E90067F4E1 /* CameraTests.swift */,
				5B7B957C238C97E90067F4E1 /* Info.plist */,
			);
			path = CameraTests;
			sourceTree = "<group>";
		};
		5B7B9584238C97E90067F4E1 /* CameraUITests */ = {
			isa = PBXGroup;
			children = (
				5B7B9585238C97E90067F4E1 /* CameraUITests.swift */,
				5B7B9587238C97E90067F4E1 /* Info.plist */,
			);
			path = CameraUITests;
			sourceTree = "<group>";
		};
/* End PBXGroup section */

/* Begin PBXNativeTarget section */
		5B7B955F238C97E40067F4E1 /* Camera */ = {
			isa = PBXNativeTarget;
			buildConfigurationList = 5B7B958A238C97E90067F4E1 /* Build configuration list for PBXNativeTarget "Camera" */;
			buildPhases = (
				5B7B955C238C97E40067F4E1 /* Sources */,
				5B7B955D238C97E40067F4E1 /* Frameworks */,
				5B7B955E238C97E40067F4E1 /* Resources */,
			);
			buildRules = (
			);
			dependencies = (
			);
			name = Camera;
			productName = Camera;
			productReference = 5B7B9560238C97E40067F4E1 /* Camera.app */;
			productType = "com.apple.product-type.application";
		};
		5B7B9575238C97E90067F4E1 /* CameraTests */ = {
			isa = PBXNativeTarget;
			buildConfigurationList = 5B7B958D238C97E90067F4E1 /* Build configuration list for PBXNativeTarget "CameraTests" */;
			buildPhases = (
				5B7B9572238C97E90067F4E1 /* Sources */,
				5B7B9573238C97E90067F4E1 /* Frameworks */,
				5B7B9574238C97E90067F4E1 /* Resources */,
			);
			buildRules = (
			);
			dependencies = (
				5B7B9578238C97E90067F4E1 /* PBXTargetDependency */,
			);
			name = CameraTests;
			productName = CameraTests;
			productReference = 5B7B9576238C97E90067F4E1 /* CameraTests.xctest */;
			productType = "com.apple.product-type.bundle.unit-test";
		};
		5B7B9580238C97E90067F4E1 /* CameraUITests */ = {
			isa = PBXNativeTarget;
			buildConfigurationList = 5B7B9590238C97E90067F4E1 /* Build configuration list for PBXNativeTarget "CameraUITests" */;
			buildPhases = (
				5B7B957D238C97E90067F4E1 /* Sources */,
				5B7B957E238C97E90067F4E1 /* Frameworks */,
				5B7B957F238C97E90067F4E1 /* Resources */,
			);
			buildRules = (
			);
			dependencies = (
				5B7B9583238C97E90067F4E1 /* PBXTargetDependency */,
			);
			name = CameraUITests;
			productName = CameraUITests;
			productReference = 5B7B9581238C97E90067F4E1 /* CameraUITests.xctest */;
			productType = "com.apple.product-type.bundle.ui-testing";
		};
/* End PBXNativeTarget section */

/* Begin PBXProject section */
		5B7B9558238C97E40067F4E1 /* Project object */ = {
			isa = PBXProject;
			attributes = {
				LastSwiftUpdateCheck = 1100;
				LastUpgradeCheck = 1100;
				ORGANIZATIONNAME = "Pavel Bozdog";
				TargetAttributes = {
					5B7B955F238C97E40067F4E1 = {
						CreatedOnToolsVersion = 11.0;
					};
					5B7B9575238C97E90067F4E1 = {
						CreatedOnToolsVersion = 11.0;
						TestTargetID = 5B7B955F238C97E40067F4E1;
					};
					5B7B9580238C97E90067F4E1 = {
						CreatedOnToolsVersion = 11.0;
						TestTargetID = 5B7B955F238C97E40067F4E1;
					};
				};
			};
			buildConfigurationList = 5B7B955B238C97E40067F4E1 /* Build configuration list for PBXProject "Camera" */;
			compatibilityVersion = "Xcode 9.3";
			developmentRegion = en;
			hasScannedForEncodings = 0;
			knownRegions = (
				en,
				Base,
			);
			mainGroup = 5B7B9557238C97E40067F4E1;
			productRefGroup = 5B7B9561238C97E40067F4E1 /* Products */;
			projectDirPath = "";
			projectRoot = "";
			targets = (
				5B7B955F238C97E40067F4E1 /* Camera */,
				5B7B9575238C97E90067F4E1 /* CameraTests */,
				5B7B9580238C97E90067F4E1 /* CameraUITests */,
			);
		};
/* End PBXProject section */

/* Begin PBXResourcesBuildPhase section */
		5B7B955E238C97E40067F4E1 /* Resources */ = {
			isa = PBXResourcesBuildPhase;
			buildActionMask = 2147483647;
			files = (
				5B7B9570238C97E90067F4E1 /* LaunchScreen.storyboard in Resources */,
				5B7B956D238C97E90067F4E1 /* Preview Assets.xcassets in Resources */,
				5B7B956A238C97E80067F4E1 /* Assets.xcassets in Resources */,
			);
			runOnlyForDeploymentPostprocessing = 0;
		};
		5B7B9574238C97E90067F4E1 /* Resources */ = {
			isa = PBXResourcesBuildPhase;
			buildActionMask = 2147483647;
			files = (
			);
			runOnlyForDeploymentPostprocessing = 0;
		};
		5B7B957F238C97E90067F4E1 /* Resources */ = {
			isa = PBXResourcesBuildPhase;
			buildActionMask = 2147483647;
			files = (
			);
			runOnlyForDeploymentPostprocessing = 0;
		};
/* End PBXResourcesBuildPhase section */

/* Begin PBXSourcesBuildPhase section */
		5B7B955C238C97E40067F4E1 /* Sources */ = {
			isa = PBXSourcesBuildPhase;
			buildActionMask = 2147483647;
			files = (
				5B7B9564238C97E40067F4E1 /* AppDelegate.swift in Sources */,
				5B7B9566238C97E40067F4E1 /* SceneDelegate.swift in Sources */,
				5B7B9568238C97E40067F4E1 /* ContentView.swift in Sources */,
			);
			runOnlyForDeploymentPostprocessing = 0;
		};
		5B7B9572238C97E90067F4E1 /* Sources */ = {
			isa = PBXSourcesBuildPhase;
			buildActionMask = 2147483647;
			files = (
				5B7B957B238C97E90067F4E1 /* CameraTests.swift in Sources */,
			);
			runOnlyForDeploymentPostprocessing = 0;
		};
		5B7B957D238C97E90067F4E1 /* Sources */ = {
			isa = PBXSourcesBuildPhase;
			buildActionMask = 2147483647;
			files = (
				5B7B9586238C97E90067F4E1 /* CameraUITests.swift in Sources */,
			);
			runOnlyForDeploymentPostprocessing = 0;
		};
/* End PBXSourcesBuildPhase section */

/* Begin PBXTargetDependency section */
		5B7B9578238C97E90067F4E1 /* PBXTargetDependency */ = {
			isa = PBXTargetDependency;
			target = 5B7B955F238C97E40067F4E1 /* Camera */;
			targetProxy = 5B7B9577238C97E90067F4E1 /* PBXContainerItemProxy */;
		};
		5B7B9583238C97E90067F4E1 /* PBXTargetDependency */ = {
			isa = PBXTargetDependency;
			target = 5B7B955F238C97E40067F4E1 /* Camera */;
			targetProxy = 5B7B9582238C97E90067F4E1 /* PBXContainerItemProxy */;
		};
/* End PBXTargetDependency section */

/* Begin PBXVariantGroup section */
		5B7B956E238C97E90067F4E1 /* LaunchScreen.storyboard */ = {
			isa = PBXVariantGroup;
			children = (
				5B7B956F238C97E90067F4E1 /* Base */,
			);
			name = LaunchScreen.storyboard;
			sourceTree = "<group>";
		};
/* End PBXVariantGroup section */

/* Begin XCBuildConfiguration section */
		5B7B9588238C97E90067F4E1 /* Debug */ = {
			isa = XCBuildConfiguration;
			buildSettings = {
				ALWAYS_SEARCH_USER_PATHS = NO;
				CLANG_ANALYZER_NONNULL = YES;
				CLANG_ANALYZER_NUMBER_OBJECT_CONVERSION = YES_AGGRESSIVE;
				CLANG_CXX_LANGUAGE_STANDARD = "gnu++14";
				CLANG_CXX_LIBRARY = "libc++";
				CLANG_ENABLE_MODULES = YES;
				CLANG_ENABLE_OBJC_ARC = YES;
				CLANG_ENABLE_OBJC_WEAK = YES;
				CLANG_WARN_BLOCK_CAPTURE_AUTORELEASING = YES;
				CLANG_WARN_BOOL_CONVERSION = YES;
				CLANG_WARN_COMMA = YES;
				CLANG_WARN_CONSTANT_CONVERSION = YES;
				CLANG_WARN_DEPRECATED_OBJC_IMPLEMENTATIONS = YES;
				CLANG_WARN_DIRECT_OBJC_ISA_USAGE = YES_ERROR;
				CLANG_WARN_DOCUMENTATION_COMMENTS = YES;
				CLANG_WARN_EMPTY_BODY = YES;
				CLANG_WARN_ENUM_CONVERSION = YES;
				CLANG_WARN_INFINITE_RECURSION = YES;
				CLANG_WARN_INT_CONVERSION = YES;
				CLANG_WARN_NON_LITERAL_NULL_CONVERSION = YES;
				CLANG_WARN_OBJC_IMPLICIT_RETAIN_SELF = YES;
				CLANG_WARN_OBJC_LITERAL_CONVERSION = YES;
				CLANG_WARN_OBJC_ROOT_CLASS = YES_ERROR;
				CLANG_WARN_RANGE_LOOP_ANALYSIS = YES;
				CLANG_WARN_STRICT_PROTOTYPES = YES;
				CLANG_WARN_SUSPICIOUS_MOVE = YES;
				CLANG_WARN_UNGUARDED_AVAILABILITY = YES_AGGRESSIVE;
				CLANG_WARN_UNREACHABLE_CODE = YES;
				CLANG_WARN__DUPLICATE_METHOD_MATCH = YES;
				COPY_PHASE_STRIP = NO;
				DEBUG_INFORMATION_FORMAT = dwarf;
				ENABLE_STRICT_OBJC_MSGSEND = YES;
				ENABLE_TESTABILITY = YES;
				GCC_C_LANGUAGE_STANDARD = gnu11;
				GCC_DYNAMIC_NO_PIC = NO;
				GCC_NO_COMMON_BLOCKS = YES;
				GCC_OPTIMIZATION_LEVEL = 0;
				GCC_PREPROCESSOR_DEFINITIONS = (
					"DEBUG=1",
					"$(inherited)",
				);
				GCC_WARN_64_TO_32_BIT_CONVERSION = YES;
				GCC_WARN_ABOUT_RETURN_TYPE = YES_ERROR;
				GCC_WARN_UNDECLARED_SELECTOR = YES;
				GCC_WARN_UNINITIALIZED_AUTOS = YES_AGGRESSIVE;
				GCC_WARN_UNUSED_FUNCTION = YES;
				GCC_WARN_UNUSED_VARIABLE = YES;
				IPHONEOS_DEPLOYMENT_TARGET = 13.0;
				MTL_ENABLE_DEBUG_INFO = INCLUDE_SOURCE;
				MTL_FAST_MATH = YES;
				ONLY_ACTIVE_ARCH = YES;
				SDKROOT = iphoneos;
				SWIFT_ACTIVE_COMPILATION_CONDITIONS = DEBUG;
				SWIFT_OPTIMIZATION_LEVEL = "-Onone";
			};
			name = Debug;
		};
		5B7B9589238C97E90067F4E1 /* Release */ = {
			isa = XCBuildConfiguration;
			buildSettings = {
				ALWAYS_SEARCH_USER_PATHS = NO;
				CLANG_ANALYZER_NONNULL = YES;
				CLANG_ANALYZER_NUMBER_OBJECT_CONVERSION = YES_AGGRESSIVE;
				CLANG_CXX_LANGUAGE_STANDARD = "gnu++14";
				CLANG_CXX_LIBRARY = "libc++";
				CLANG_ENABLE_MODULES = YES;
				CLANG_ENABLE_OBJC_ARC = YES;
				CLANG_ENABLE_OBJC_WEAK = YES;
				CLANG_WARN_BLOCK_CAPTURE_AUTORELEASING = YES;
				CLANG_WARN_BOOL_CONVERSION = YES;
				CLANG_WARN_COMMA = YES;
				CLANG_WARN_CONSTANT_CONVERSION = YES;
				CLANG_WARN_DEPRECATED_OBJC_IMPLEMENTATIONS = YES;
				CLANG_WARN_DIRECT_OBJC_ISA_USAGE = YES_ERROR;
				CLANG_WARN_DOCUMENTATION_COMMENTS = YES;
				CLANG_WARN_EMPTY_BODY = YES;
				CLANG_WARN_ENUM_CONVERSION = YES;
				CLANG_WARN_INFINITE_RECURSION = YES;
				CLANG_WARN_INT_CONVERSION = YES;
				CLANG_WARN_NON_LITERAL_NULL_CONVERSION = YES;
				CLANG_WARN_OBJC_IMPLICIT_RETAIN_SELF = YES;
				CLANG_WARN_OBJC_LITERAL_CONVERSION = YES;
				CLANG_WARN_OBJC_ROOT_CLASS = YES_ERROR;
				CLANG_WARN_RANGE_LOOP_ANALYSIS = YES;
				CLANG_WARN_STRICT_PROTOTYPES = YES;
				CLANG_WARN_SUSPICIOUS_MOVE = YES;
				CLANG_WARN_UNGUARDED_AVAILABILITY = YES_AGGRESSIVE;
				CLANG_WARN_UNREACHABLE_CODE = YES;
				CLANG_WARN__DUPLICATE_METHOD_MATCH = YES;
				COPY_PHASE_STRIP = NO;
				DEBUG_INFORMATION_FORMAT = "dwarf-with-dsym";
				ENABLE_NS_ASSERTIONS = NO;
				ENABLE_STRICT_OBJC_MSGSEND = YES;
				GCC_C_LANGUAGE_STANDARD = gnu11;
				GCC_NO_COMMON_BLOCKS = YES;
				GCC_WARN_64_TO_32_BIT_CONVERSION = YES;
				GCC_WARN_ABOUT_RETURN_TYPE = YES_ERROR;
				GCC_WARN_UNDECLARED_SELECTOR = YES;
				GCC_WARN_UNINITIALIZED_AUTOS = YES_AGGRESSIVE;
				GCC_WARN_UNUSED_FUNCTION = YES;
				GCC_WARN_UNUSED_VARIABLE = YES;
				IPHONEOS_DEPLOYMENT_TARGET = 13.0;
				MTL_ENABLE_DEBUG_INFO = NO;
				MTL_FAST_MATH = YES;
				SDKROOT = iphoneos;
				SWIFT_COMPILATION_MODE = wholemodule;
				SWIFT_OPTIMIZATION_LEVEL = "-O";
				VALIDATE_PRODUCT = YES;
			};
			name = Release;
		};
		5B7B958B238C97E90067F4E1 /* Debug */ = {
			isa = XCBuildConfiguration;
			buildSettings = {
				ASSETCATALOG_COMPILER_APPICON_NAME = AppIcon;
				CODE_SIGN_STYLE = Automatic;
				DEVELOPMENT_ASSET_PATHS = "\"Camera/Preview Content\"";
				DEVELOPMENT_TEAM = 266UNC58E7;
				ENABLE_PREVIEWS = YES;
				INFOPLIST_FILE = Camera/Info.plist;
				LD_RUNPATH_SEARCH_PATHS = (
					"$(inherited)",
					"@executable_path/Frameworks",
				);
				PRODUCT_BUNDLE_IDENTIFIER = com.rickel.Camera;
				PRODUCT_NAME = "$(TARGET_NAME)";
				SWIFT_VERSION = 5.0;
				TARGETED_DEVICE_FAMILY = "1,2";
			};
			name = Debug;
		};
		5B7B958C238C97E90067F4E1 /* Release */ = {
			isa = XCBuildConfiguration;
			buildSettings = {
				ASSETCATALOG_COMPILER_APPICON_NAME = AppIcon;
				CODE_SIGN_STYLE = Automatic;
				DEVELOPMENT_ASSET_PATHS = "\"Camera/Preview Content\"";
				DEVELOPMENT_TEAM = 266UNC58E7;
				ENABLE_PREVIEWS = YES;
				INFOPLIST_FILE = Camera/Info.plist;
				LD_RUNPATH_SEARCH_PATHS = (
					"$(inherited)",
					"@executable_path/Frameworks",
				);
				PRODUCT_BUNDLE_IDENTIFIER = com.rickel.Camera;
				PRODUCT_NAME = "$(TARGET_NAME)";
				SWIFT_VERSION = 5.0;
				TARGETED_DEVICE_FAMILY = "1,2";
			};
			name = Release;
		};
		5B7B958E238C97E90067F4E1 /* Debug */ = {
			isa = XCBuildConfiguration;
			buildSettings = {
				ALWAYS_EMBED_SWIFT_STANDARD_LIBRARIES = YES;
				BUNDLE_LOADER = "$(TEST_HOST)";
				CODE_SIGN_STYLE = Automatic;
				DEVELOPMENT_TEAM = 266UNC58E7;
				INFOPLIST_FILE = CameraTests/Info.plist;
				IPHONEOS_DEPLOYMENT_TARGET = 13.0;
				LD_RUNPATH_SEARCH_PATHS = (
					"$(inherited)",
					"@executable_path/Frameworks",
					"@loader_path/Frameworks",
				);
				PRODUCT_BUNDLE_IDENTIFIER = com.rickel.CameraTests;
				PRODUCT_NAME = "$(TARGET_NAME)";
				SWIFT_VERSION = 5.0;
				TARGETED_DEVICE_FAMILY = "1,2";
				TEST_HOST = "$(BUILT_PRODUCTS_DIR)/Camera.app/Camera";
			};
			name = Debug;
		};
		5B7B958F238C97E90067F4E1 /* Release */ = {
			isa = XCBuildConfiguration;
			buildSettings = {
				ALWAYS_EMBED_SWIFT_STANDARD_LIBRARIES = YES;
				BUNDLE_LOADER = "$(TEST_HOST)";
				CODE_SIGN_STYLE = Automatic;
				DEVELOPMENT_TEAM = 266UNC58E7;
				INFOPLIST_FILE = CameraTests/Info.plist;
				IPHONEOS_DEPLOYMENT_TARGET = 13.0;
				LD_RUNPATH_SEARCH_PATHS = (
					"$(inherited)",
					"@executable_path/Frameworks",
					"@loader_path/Frameworks",
				);
				PRODUCT_BUNDLE_IDENTIFIER = com.rickel.CameraTests;
				PRODUCT_NAME = "$(TARGET_NAME)";
				SWIFT_VERSION = 5.0;
				TARGETED_DEVICE_FAMILY = "1,2";
				TEST_HOST = "$(BUILT_PRODUCTS_DIR)/Camera.app/Camera";
			};
			name = Release;
		};
		5B7B9591238C97E90067F4E1 /* Debug */ = {
			isa = XCBuildConfiguration;
			buildSettings = {
				ALWAYS_EMBED_SWIFT_STANDARD_LIBRARIES = YES;
				CODE_SIGN_STYLE = Automatic;
				DEVELOPMENT_TEAM = 266UNC58E7;
				INFOPLIST_FILE = CameraUITests/Info.plist;
				LD_RUNPATH_SEARCH_PATHS = (
					"$(inherited)",
					"@executable_path/Frameworks",
					"@loader_path/Frameworks",
				);
				PRODUCT_BUNDLE_IDENTIFIER = com.rickel.CameraUITests;
				PRODUCT_NAME = "$(TARGET_NAME)";
				SWIFT_VERSION = 5.0;
				TARGETED_DEVICE_FAMILY = "1,2";
				TEST_TARGET_NAME = Camera;
			};
			name = Debug;
		};
		5B7B9592238C97E90067F4E1 /* Release */ = {
			isa = XCBuildConfiguration;
			buildSettings = {
				ALWAYS_EMBED_SWIFT_STANDARD_LIBRARIES = YES;
				CODE_SIGN_STYLE = Automatic;
				DEVELOPMENT_TEAM = 266UNC58E7;
				INFOPLIST_FILE = CameraUITests/Info.plist;
				LD_RUNPATH_SEARCH_PATHS = (
					"$(inherited)",
					"@executable_path/Frameworks",
					"@loader_path/Frameworks",
				);
				PRODUCT_BUNDLE_IDENTIFIER = com.rickel.CameraUITests;
				PRODUCT_NAME = "$(TARGET_NAME)";
				SWIFT_VERSION = 5.0;
				TARGETED_DEVICE_FAMILY = "1,2";
				TEST_TARGET_NAME = Camera;
			};
			name = Release;
		};
/* End XCBuildConfiguration section */

/* Begin XCConfigurationList section */
		5B7B955B238C97E40067F4E1 /* Build configuration list for PBXProject "Camera" */ = {
			isa = XCConfigurationList;
			buildConfigurations = (
				5B7B9588238C97E90067F4E1 /* Debug */,
				5B7B9589238C97E90067F4E1 /* Release */,
			);
			defaultConfigurationIsVisible = 0;
			defaultConfigurationName = Release;
		};
		5B7B958A238C97E90067F4E1 /* Build configuration list for PBXNativeTarget "Camera" */ = {
			isa = XCConfigurationList;
			buildConfigurations = (
				5B7B958B238C97E90067F4E1 /* Debug */,
				5B7B958C238C97E90067F4E1 /* Release */,
			);
			defaultConfigurationIsVisible = 0;
			defaultConfigurationName = Release;
		};
		5B7B958D238C97E90067F4E1 /* Build configuration list for PBXNativeTarget "CameraTests" */ = {
			isa = XCConfigurationList;
			buildConfigurations = (
				5B7B958E238C97E90067F4E1 /* Debug */,
				5B7B958F238C97E90067F4E1 /* Release */,
			);
			defaultConfigurationIsVisible = 0;
			defaultConfigurationName = Release;
		};
		5B7B9590238C97E90067F4E1 /* Build configuration list for PBXNativeTarget "CameraUITests" */ = {
			isa = XCConfigurationList;
			buildConfigurations = (
				5B7B9591238C97E90067F4E1 /* Debug */,
				5B7B9592238C97E90067F4E1 /* Release */,
			);
			defaultConfigurationIsVisible = 0;
			defaultConfigurationName = Release;
		};
/* End XCConfigurationList section */
	};
	rootObject = 5B7B9558238C97E40067F4E1 /* Project object */;
}
